
Microsoft Visual Studio Solution File, Format Version 12.00
# Visual Studio Version 17
VisualStudioVersion = 17.14.37614.0 d17.14
MinimumVisualStudioVersion = 10.0.40219.1
Project("{FAE04EC0-301F-11D3-BF4B-00C04F79EFBC}") = "RPG", "RPG.csproj", "{A4EA87E9-8934-4E60-9C71-91C6107E3817}"
EndProject
Global
	GlobalSection(SolutionConfigurationPlatforms) = preSolution
		Debug|Any CPU = Debug|Any CPU
		Release|Any CPU = Release|Any CPU
	EndGlobalSection
	GlobalSection(ProjectConfigurationPlatforms) = postSolution
		{A4EA87E9-8934-4E60-9C71-91C6107E3817}.Debug|Any CPU.ActiveCfg = Debug|Any CPU
		{A4EA87E9-8934-4E60-9C71-91C6107E3817}.Debug|Any CPU.Build.0 = Debug|Any CPU
		{A4EA87E9-8934-4E60-9C71-91C6107E3817}.Release|Any CPU.ActiveCfg = Release|Any CPU
		{A4EA87E9-8934-4E60-9C71-91C6107E3817}.Release|Any CPU.Build.0 = Release|Any CPU
	EndGlobalSection
	GlobalSection(SolutionProperties) = preSolution
		HideSolutionNode = FALSE
	EndGlobalSection
	GlobalSection(ExtensibilityGlobals) = postSolution
		SolutionGuid = {4A706A9F-797E-406A-A598-990726FF8499}
	EndGlobalSection
EndGlobal
